
Microsoft Visual Studio Solution File, Format Version 12.00
# Visual Studio Version 17
VisualStudioVersion = 17.0.31903.59
MinimumVisualStudioVersion = 10.0.40219.1
Project("{FAE04EC0-301F-11D3-BF4B-00C04F79EFBC}") = "NutriApp", "src\NutriApp.csproj", "{DDCE6022-5242-4AEE-B7EE-0C8246C99BE7}"
EndProject
Project("{FAE04EC0-301F-11D3-BF4B-00C04F79EFBC}") = "NutriAppTest", "test\NutriAppTest.csproj", "{A4C9AFCD-0977-4837-B0BA-D8955C4E08FC}"
EndProject
Global
	GlobalSection(SolutionConfigurationPlatforms) = preSolution
		Debug|Any CPU = Debug|Any CPU
		Release|Any CPU = Release|Any CPU
	EndGlobalSection
	GlobalSection(SolutionProperties) = preSolution
		HideSolutionNode = FALSE
	EndGlobalSection
	GlobalSection(ProjectConfigurationPlatforms) = postSolution
		{DDCE6022-5242-4AEE-B7EE-0C8246C99BE7}.Debug|Any CPU.ActiveCfg = Debug|Any CPU
		{DDCE6022-5242-4AEE-B7EE-0C8246C99BE7}.Debug|Any CPU.Build.0 = Debug|Any CPU
		{DDCE6022-5242-4AEE-B7EE-0C8246C99BE7}.Release|Any CPU.ActiveCfg = Release|Any CPU
		{DDCE6022-5242-4AEE-B7EE-0C8246C99BE7}.Release|Any CPU.Build.0 = Release|Any CPU
		{A4C9AFCD-0977-4837-B0BA-D8955C4E08FC}.Debug|Any CPU.ActiveCfg = Debug|Any CPU
		{A4C9AFCD-0977-4837-B0BA-D8955C4E08FC}.Debug|Any CPU.Build.0 = Debug|Any CPU
		{A4C9AFCD-0977-4837-B0BA-D8955C4E08FC}.Release|Any CPU.ActiveCfg = Release|Any CPU
		{A4C9AFCD-0977-4837-B0BA-D8955C4E08FC}.Release|Any CPU.Build.0 = Release|Any CPU
	EndGlobalSection
EndGlobal
